// !$*UTF8*$!
{
	archiveVersion = 1;
	classes = {
	};
	objectVersion = 55;
	objects = {

/* Begin PBXBuildFile section */
		3C00AB9127479626009236CA /* AppDelegate.swift in Sources */ = {isa = PBXBuildFile; fileRef = 3C00AB9027479626009236CA /* AppDelegate.swift */; };
		3C00AB9327479626009236CA /* SceneDelegate.swift in Sources */ = {isa = PBXBuildFile; fileRef = 3C00AB9227479626009236CA /* SceneDelegate.swift */; };
		3C00AB9527479626009236CA /* ViewController.swift in Sources */ = {isa = PBXBuildFile; fileRef = 3C00AB9427479626009236CA /* ViewController.swift */; };
		3C00AB9827479626009236CA /* Main.storyboard in Resources */ = {isa = PBXBuildFile; fileRef = 3C00AB9627479626009236CA /* Main.storyboard */; };
		3C00AB9B27479626009236CA /* TodoList.xcdatamodeld in Sources */ = {isa = PBXBuildFile; fileRef = 3C00AB9927479626009236CA /* TodoList.xcdatamodeld */; };
		3C00AB9D2747962A009236CA /* Assets.xcassets in Resources */ = {isa = PBXBuildFile; fileRef = 3C00AB9C2747962A009236CA /* Assets.xcassets */; };
		3C00ABA02747962A009236CA /* LaunchScreen.storyboard in Resources */ = {isa = PBXBuildFile; fileRef = 3C00AB9E2747962A009236CA /* LaunchScreen.storyboard */; };
		3C00ABAB2747962B009236CA /* TaskCardCreatorTests.swift in Sources */ = {isa = PBXBuildFile; fileRef = 3C00ABAA2747962B009236CA /* TaskCardCreatorTests.swift */; };
		3C00ABB52747962B009236CA /* TodoListUITests.swift in Sources */ = {isa = PBXBuildFile; fileRef = 3C00ABB42747962B009236CA /* TodoListUITests.swift */; };
		3C00ABB72747962B009236CA /* TodoListUITestsLaunchTests.swift in Sources */ = {isa = PBXBuildFile; fileRef = 3C00ABB62747962B009236CA /* TodoListUITestsLaunchTests.swift */; };
		3C00ABC4274799F3009236CA /* Task.swift in Sources */ = {isa = PBXBuildFile; fileRef = 3C00ABC3274799F2009236CA /* Task.swift */; };
		3C00ABC627479ABC009236CA /* CustomCell.swift in Sources */ = {isa = PBXBuildFile; fileRef = 3C00ABC527479ABC009236CA /* CustomCell.swift */; };
		3C00ABC927479CF0009236CA /* TaskCardCreatorViewController.swift in Sources */ = {isa = PBXBuildFile; fileRef = 3C00ABC727479CF0009236CA /* TaskCardCreatorViewController.swift */; };
		3C00ABCA27479CF0009236CA /* TaskCardCreatorViewController.xib in Resources */ = {isa = PBXBuildFile; fileRef = 3C00ABC827479CF0009236CA /* TaskCardCreatorViewController.xib */; };
		3C4C69E62792E60E00A96CBD /* DataProvider.swift in Sources */ = {isa = PBXBuildFile; fileRef = 3C4C69E52792E60E00A96CBD /* DataProvider.swift */; };
		3C4C69EB2795CAE600A96CBD /* Date.swift in Sources */ = {isa = PBXBuildFile; fileRef = 3C4C69EA2795CAE600A96CBD /* Date.swift */; };
		3C4C69ED279C3DE400A96CBD /* StringExtension.swift in Sources */ = {isa = PBXBuildFile; fileRef = 3C4C69EC279C3DE400A96CBD /* StringExtension.swift */; };
		3C4C69EF279D680600A96CBD /* ViewControllerTests.swift in Sources */ = {isa = PBXBuildFile; fileRef = 3C4C69EE279D680600A96CBD /* ViewControllerTests.swift */; };
		481CDB80280D1569543A2C45 /* libPods-TodoList.a in Frameworks */ = {isa = PBXBuildFile; fileRef = 1B757A7F6D6CE5F966F465D6 /* libPods-TodoList.a */; };
		57B7FDF24F19567893158A3A /* libPods-TodoListUITests.a in Frameworks */ = {isa = PBXBuildFile; fileRef = A516DB9EDF401B1DBFAD0335 /* libPods-TodoListUITests.a */; };
		D8054B174C0E40717725151E /* libPods-TodoListTests.a in Frameworks */ = {isa = PBXBuildFile; fileRef = 7976D174509B7880F606F9FE /* libPods-TodoListTests.a */; };
/* End PBXBuildFile section */

/* Begin PBXContainerItemProxy section */
		3C00ABA72747962B009236CA /* PBXContainerItemProxy */ = {
			isa = PBXContainerItemProxy;
			containerPortal = 3C00AB8527479626009236CA /* Project object */;
			proxyType = 1;
			remoteGlobalIDString = 3C00AB8C27479626009236CA;
			remoteInfo = TodoList;
		};
		3C00ABB12747962B009236CA /* PBXContainerItemProxy */ = {
			isa = PBXContainerItemProxy;
			containerPortal = 3C00AB8527479626009236CA /* Project object */;
			proxyType = 1;
			remoteGlobalIDString = 3C00AB8C27479626009236CA;
			remoteInfo = TodoList;
		};
/* End PBXContainerItemProxy section */

/* Begin PBXFileReference section */
		1B757A7F6D6CE5F966F465D6 /* libPods-TodoList.a */ = {isa = PBXFileReference; explicitFileType = archive.ar; includeInIndex = 0; path = "libPods-TodoList.a"; sourceTree = BUILT_PRODUCTS_DIR; };
		3C00AB8D27479626009236CA /* TodoList.app */ = {isa = PBXFileReference; explicitFileType = wrapper.application; includeInIndex = 0; path = TodoList.app; sourceTree = BUILT_PRODUCTS_DIR; };
		3C00AB9027479626009236CA /* AppDelegate.swift */ = {isa = PBXFileReference; lastKnownFileType = sourcecode.swift; path = AppDelegate.swift; sourceTree = "<group>"; };
		3C00AB9227479626009236CA /* SceneDelegate.swift */ = {isa = PBXFileReference; lastKnownFileType = sourcecode.swift; path = SceneDelegate.swift; sourceTree = "<group>"; };
		3C00AB9427479626009236CA /* ViewController.swift */ = {isa = PBXFileReference; lastKnownFileType = sourcecode.swift; path = ViewController.swift; sourceTree = "<group>"; };
		3C00AB9727479626009236CA /* Base */ = {isa = PBXFileReference; lastKnownFileType = file.storyboard; name = Base; path = Base.lproj/Main.storyboard; sourceTree = "<group>"; };
		3C00AB9A27479626009236CA /* TodoList.xcdatamodel */ = {isa = PBXFileReference; lastKnownFileType = wrapper.xcdatamodel; path = TodoList.xcdatamodel; sourceTree = "<group>"; };
		3C00AB9C2747962A009236CA /* Assets.xcassets */ = {isa = PBXFileReference; lastKnownFileType = folder.assetcatalog; path = Assets.xcassets; sourceTree = "<group>"; };
		3C00AB9F2747962A009236CA /* Base */ = {isa = PBXFileReference; lastKnownFileType = file.storyboard; name = Base; path = Base.lproj/LaunchScreen.storyboard; sourceTree = "<group>"; };
		3C00ABA12747962A009236CA /* Info.plist */ = {isa = PBXFileReference; lastKnownFileType = text.plist.xml; path = Info.plist; sourceTree = "<group>"; };
		3C00ABA62747962B009236CA /* TodoListTests.xctest */ = {isa = PBXFileReference; explicitFileType = wrapper.cfbundle; includeInIndex = 0; path = TodoListTests.xctest; sourceTree = BUILT_PRODUCTS_DIR; };
		3C00ABAA2747962B009236CA /* TaskCardCreatorTests.swift */ = {isa = PBXFileReference; lastKnownFileType = sourcecode.swift; path = TaskCardCreatorTests.swift; sourceTree = "<group>"; };
		3C00ABB02747962B009236CA /* TodoListUITests.xctest */ = {isa = PBXFileReference; explicitFileType = wrapper.cfbundle; includeInIndex = 0; path = TodoListUITests.xctest; sourceTree = BUILT_PRODUCTS_DIR; };
		3C00ABB42747962B009236CA /* TodoListUITests.swift */ = {isa = PBXFileReference; lastKnownFileType = sourcecode.swift; path = TodoListUITests.swift; sourceTree = "<group>"; };
		3C00ABB62747962B009236CA /* TodoListUITestsLaunchTests.swift */ = {isa = PBXFileReference; lastKnownFileType = sourcecode.swift; path = TodoListUITestsLaunchTests.swift; sourceTree = "<group>"; };
		3C00ABC3274799F2009236CA /* Task.swift */ = {isa = PBXFileReference; lastKnownFileType = sourcecode.swift; path = Task.swift; sourceTree = "<group>"; };
		3C00ABC527479ABC009236CA /* CustomCell.swift */ = {isa = PBXFileReference; lastKnownFileType = sourcecode.swift; path = CustomCell.swift; sourceTree = "<group>"; };
		3C00ABC727479CF0009236CA /* TaskCardCreatorViewController.swift */ = {isa = PBXFileReference; lastKnownFileType = sourcecode.swift; path = TaskCardCreatorViewController.swift; sourceTree = "<group>"; };
		3C00ABC827479CF0009236CA /* TaskCardCreatorViewController.xib */ = {isa = PBXFileReference; lastKnownFileType = file.xib; path = TaskCardCreatorViewController.xib; sourceTree = "<group>"; };
		3C4C69E52792E60E00A96CBD /* DataProvider.swift */ = {isa = PBXFileReference; lastKnownFileType = sourcecode.swift; path = DataProvider.swift; sourceTree = "<group>"; };
		3C4C69EA2795CAE600A96CBD /* Date.swift */ = {isa = PBXFileReference; lastKnownFileType = sourcecode.swift; path = Date.swift; sourceTree = "<group>"; };
		3C4C69EC279C3DE400A96CBD /* StringExtension.swift */ = {isa = PBXFileReference; lastKnownFileType = sourcecode.swift; path = StringExtension.swift; sourceTree = "<group>"; };
		3C4C69EE279D680600A96CBD /* ViewControllerTests.swift */ = {isa = PBXFileReference; lastKnownFileType = sourcecode.swift; path = ViewControllerTests.swift; sourceTree = "<group>"; };
		7976D174509B7880F606F9FE /* libPods-TodoListTests.a */ = {isa = PBXFileReference; explicitFileType = archive.ar; includeInIndex = 0; path = "libPods-TodoListTests.a"; sourceTree = BUILT_PRODUCTS_DIR; };
		7F52E7E5491AF06372DAC42B /* Pods-TodoListUITests.debug.xcconfig */ = {isa = PBXFileReference; includeInIndex = 1; lastKnownFileType = text.xcconfig; name = "Pods-TodoListUITests.debug.xcconfig"; path = "Target Support Files/Pods-TodoListUITests/Pods-TodoListUITests.debug.xcconfig"; sourceTree = "<group>"; };
		831D0645DB7CE1E366345D09 /* Pods-TodoListTests.debug.xcconfig */ = {isa = PBXFileReference; includeInIndex = 1; lastKnownFileType = text.xcconfig; name = "Pods-TodoListTests.debug.xcconfig"; path = "Target Support Files/Pods-TodoListTests/Pods-TodoListTests.debug.xcconfig"; sourceTree = "<group>"; };
		97A7DCA86D2669F77B940A27 /* Pods-TodoListUITests.release.xcconfig */ = {isa = PBXFileReference; includeInIndex = 1; lastKnownFileType = text.xcconfig; name = "Pods-TodoListUITests.release.xcconfig"; path = "Target Support Files/Pods-TodoListUITests/Pods-TodoListUITests.release.xcconfig"; sourceTree = "<group>"; };
		A516DB9EDF401B1DBFAD0335 /* libPods-TodoListUITests.a */ = {isa = PBXFileReference; explicitFileType = archive.ar; includeInIndex = 0; path = "libPods-TodoListUITests.a"; sourceTree = BUILT_PRODUCTS_DIR; };
		AACBF7510EDA0E9BA88A1FEA /* Pods-TodoListTests.release.xcconfig */ = {isa = PBXFileReference; includeInIndex = 1; lastKnownFileType = text.xcconfig; name = "Pods-TodoListTests.release.xcconfig"; path = "Target Support Files/Pods-TodoListTests/Pods-TodoListTests.release.xcconfig"; sourceTree = "<group>"; };
		BF20DC55C33D2B14C659C8E6 /* Pods-TodoList.debug.xcconfig */ = {isa = PBXFileReference; includeInIndex = 1; lastKnownFileType = text.xcconfig; name = "Pods-TodoList.debug.xcconfig"; path = "Target Support Files/Pods-TodoList/Pods-TodoList.debug.xcconfig"; sourceTree = "<group>"; };
		CA6775A99FFA76023158CBD8 /* Pods-TodoList.release.xcconfig */ = {isa = PBXFileReference; includeInIndex = 1; lastKnownFileType = text.xcconfig; name = "Pods-TodoList.release.xcconfig"; path = "Target Support Files/Pods-TodoList/Pods-TodoList.release.xcconfig"; sourceTree = "<group>"; };
/* End PBXFileReference section */

/* Begin PBXFrameworksBuildPhase section */
		3C00AB8A27479626009236CA /* Frameworks */ = {
			isa = PBXFrameworksBuildPhase;
			buildActionMask = 2147483647;
			files = (
				481CDB80280D1569543A2C45 /* libPods-TodoList.a in Frameworks */,
			);
			runOnlyForDeploymentPostprocessing = 0;
		};
		3C00ABA32747962B009236CA /* Frameworks */ = {
			isa = PBXFrameworksBuildPhase;
			buildActionMask = 2147483647;
			files = (
				D8054B174C0E40717725151E /* libPods-TodoListTests.a in Frameworks */,
			);
			runOnlyForDeploymentPostprocessing = 0;
		};
		3C00ABAD2747962B009236CA /* Frameworks */ = {
			isa = PBXFrameworksBuildPhase;
			buildActionMask = 2147483647;
			files = (
				57B7FDF24F19567893158A3A /* libPods-TodoListUITests.a in Frameworks */,
			);
			runOnlyForDeploymentPostprocessing = 0;
		};
/* End PBXFrameworksBuildPhase section */

/* Begin PBXGroup section */
		3C00AB8427479626009236CA = {
			isa = PBXGroup;
			children = (
				3C00AB8F27479626009236CA /* TodoList */,
				3C00ABA92747962B009236CA /* TodoListTests */,
				3C00ABB32747962B009236CA /* TodoListUITests */,
				3C00AB8E27479626009236CA /* Products */,
				935510F0BB8E7AC434DD9DC5 /* Pods */,
				A1EBDFF5D78DE79B5DCDBA70 /* Frameworks */,
			);
			sourceTree = "<group>";
		};
		3C00AB8E27479626009236CA /* Products */ = {
			isa = PBXGroup;
			children = (
				3C00AB8D27479626009236CA /* TodoList.app */,
				3C00ABA62747962B009236CA /* TodoListTests.xctest */,
				3C00ABB02747962B009236CA /* TodoListUITests.xctest */,
			);
			name = Products;
			sourceTree = "<group>";
		};
		3C00AB8F27479626009236CA /* TodoList */ = {
			isa = PBXGroup;
			children = (
				3C4C69E42792E5B800A96CBD /* DataBase */,
				3C00AB9027479626009236CA /* AppDelegate.swift */,
				3C00AB9227479626009236CA /* SceneDelegate.swift */,
				3C00AB9427479626009236CA /* ViewController.swift */,
				3C00AB9627479626009236CA /* Main.storyboard */,
				3C00AB9C2747962A009236CA /* Assets.xcassets */,
				3C00AB9E2747962A009236CA /* LaunchScreen.storyboard */,
				3C00ABA12747962A009236CA /* Info.plist */,
				3C00AB9927479626009236CA /* TodoList.xcdatamodeld */,
				3C00ABC3274799F2009236CA /* Task.swift */,
				3C00ABC527479ABC009236CA /* CustomCell.swift */,
				3C00ABC727479CF0009236CA /* TaskCardCreatorViewController.swift */,
				3C00ABC827479CF0009236CA /* TaskCardCreatorViewController.xib */,
				3C4C69EA2795CAE600A96CBD /* Date.swift */,
				3C4C69EC279C3DE400A96CBD /* StringExtension.swift */,
			);
			path = TodoList;
			sourceTree = "<group>";
		};
		3C00ABA92747962B009236CA /* TodoListTests */ = {
			isa = PBXGroup;
			children = (
				3C00ABAA2747962B009236CA /* TaskCardCreatorTests.swift */,
				3C4C69EE279D680600A96CBD /* ViewControllerTests.swift */,
			);
			path = TodoListTests;
			sourceTree = "<group>";
		};
		3C00ABB32747962B009236CA /* TodoListUITests */ = {
			isa = PBXGroup;
			children = (
				3C00ABB42747962B009236CA /* TodoListUITests.swift */,
				3C00ABB62747962B009236CA /* TodoListUITestsLaunchTests.swift */,
			);
			path = TodoListUITests;
			sourceTree = "<group>";
		};
		3C4C69E42792E5B800A96CBD /* DataBase */ = {
			isa = PBXGroup;
			children = (
				3C4C69E52792E60E00A96CBD /* DataProvider.swift */,
			);
			path = DataBase;
			sourceTree = "<group>";
		};
		935510F0BB8E7AC434DD9DC5 /* Pods */ = {
			isa = PBXGroup;
			children = (
				BF20DC55C33D2B14C659C8E6 /* Pods-TodoList.debug.xcconfig */,
				CA6775A99FFA76023158CBD8 /* Pods-TodoList.release.xcconfig */,
				831D0645DB7CE1E366345D09 /* Pods-TodoListTests.debug.xcconfig */,
				AACBF7510EDA0E9BA88A1FEA /* Pods-TodoListTests.release.xcconfig */,
				7F52E7E5491AF06372DAC42B /* Pods-TodoListUITests.debug.xcconfig */,
				97A7DCA86D2669F77B940A27 /* Pods-TodoListUITests.release.xcconfig */,
			);
			path = Pods;
			sourceTree = "<group>";
		};
		A1EBDFF5D78DE79B5DCDBA70 /* Frameworks */ = {
			isa = PBXGroup;
			children = (
				1B757A7F6D6CE5F966F465D6 /* libPods-TodoList.a */,
				7976D174509B7880F606F9FE /* libPods-TodoListTests.a */,
				A516DB9EDF401B1DBFAD0335 /* libPods-TodoListUITests.a */,
			);
			name = Frameworks;
			sourceTree = "<group>";
		};
/* End PBXGroup section */

/* Begin PBXNativeTarget section */
		3C00AB8C27479626009236CA /* TodoList */ = {
			isa = PBXNativeTarget;
			buildConfigurationList = 3C00ABBA2747962B009236CA /* Build configuration list for PBXNativeTarget "TodoList" */;
			buildPhases = (
				94573B53E4711737F4B89AD3 /* [CP] Check Pods Manifest.lock */,
				3C00AB8927479626009236CA /* Sources */,
				3C00AB8A27479626009236CA /* Frameworks */,
				3C00AB8B27479626009236CA /* Resources */,
			);
			buildRules = (
			);
			dependencies = (
			);
			name = TodoList;
			productName = TodoList;
			productReference = 3C00AB8D27479626009236CA /* TodoList.app */;
			productType = "com.apple.product-type.application";
		};
		3C00ABA52747962B009236CA /* TodoListTests */ = {
			isa = PBXNativeTarget;
			buildConfigurationList = 3C00ABBD2747962B009236CA /* Build configuration list for PBXNativeTarget "TodoListTests" */;
			buildPhases = (
				462922FF99DF54528EC9022A /* [CP] Check Pods Manifest.lock */,
				3C00ABA22747962B009236CA /* Sources */,
				3C00ABA32747962B009236CA /* Frameworks */,
				3C00ABA42747962B009236CA /* Resources */,
			);
			buildRules = (
			);
			dependencies = (
				3C00ABA82747962B009236CA /* PBXTargetDependency */,
			);
			name = TodoListTests;
			productName = TodoListTests;
			productReference = 3C00ABA62747962B009236CA /* TodoListTests.xctest */;
			productType = "com.apple.product-type.bundle.unit-test";
		};
		3C00ABAF2747962B009236CA /* TodoListUITests */ = {
			isa = PBXNativeTarget;
			buildConfigurationList = 3C00ABC02747962B009236CA /* Build configuration list for PBXNativeTarget "TodoListUITests" */;
			buildPhases = (
				D8BCF7A859D80DF76F2A97F3 /* [CP] Check Pods Manifest.lock */,
				3C00ABAC2747962B009236CA /* Sources */,
				3C00ABAD2747962B009236CA /* Frameworks */,
				3C00ABAE2747962B009236CA /* Resources */,
			);
			buildRules = (
			);
			dependencies = (
				3C00ABB22747962B009236CA /* PBXTargetDependency */,
			);
			name = TodoListUITests;
			productName = TodoListUITests;
			productReference = 3C00ABB02747962B009236CA /* TodoListUITests.xctest */;
			productType = "com.apple.product-type.bundle.ui-testing";
		};
/* End PBXNativeTarget section */

/* Begin PBXProject section */
		3C00AB8527479626009236CA /* Project object */ = {
			isa = PBXProject;
			attributes = {
				BuildIndependentTargetsInParallel = 1;
				LastSwiftUpdateCheck = 1300;
				LastUpgradeCheck = 1300;
				TargetAttributes = {
					3C00AB8C27479626009236CA = {
						CreatedOnToolsVersion = 13.0;
					};
					3C00ABA52747962B009236CA = {
						CreatedOnToolsVersion = 13.0;
						TestTargetID = 3C00AB8C27479626009236CA;
					};
					3C00ABAF2747962B009236CA = {
						CreatedOnToolsVersion = 13.0;
						TestTargetID = 3C00AB8C27479626009236CA;
					};
				};
			};
			buildConfigurationList = 3C00AB8827479626009236CA /* Build configuration list for PBXProject "TodoList" */;
			compatibilityVersion = "Xcode 13.0";
			developmentRegion = en;
			hasScannedForEncodings = 0;
			knownRegions = (
				en,
				Base,
			);
			mainGroup = 3C00AB8427479626009236CA;
			productRefGroup = 3C00AB8E27479626009236CA /* Products */;
			projectDirPath = "";
			projectRoot = "";
			targets = (
				3C00AB8C27479626009236CA /* TodoList */,
				3C00ABA52747962B009236CA /* TodoListTests */,
				3C00ABAF2747962B009236CA /* TodoListUITests */,
			);
		};
/* End PBXProject section */

/* Begin PBXResourcesBuildPhase section */
		3C00AB8B27479626009236CA /* Resources */ = {
			isa = PBXResourcesBuildPhase;
			buildActionMask = 2147483647;
			files = (
				3C00ABA02747962A009236CA /* LaunchScreen.storyboard in Resources */,
				3C00AB9D2747962A009236CA /* Assets.xcassets in Resources */,
				3C00ABCA27479CF0009236CA /* TaskCardCreatorViewController.xib in Resources */,
				3C00AB9827479626009236CA /* Main.storyboard in Resources */,
			);
			runOnlyForDeploymentPostprocessing = 0;
		};
		3C00ABA42747962B009236CA /* Resources */ = {
			isa = PBXResourcesBuildPhase;
			buildActionMask = 2147483647;
			files = (
			);
			runOnlyForDeploymentPostprocessing = 0;
		};
		3C00ABAE2747962B009236CA /* Resources */ = {
			isa = PBXResourcesBuildPhase;
			buildActionMask = 2147483647;
			files = (
			);
			runOnlyForDeploymentPostprocessing = 0;
		};
/* End PBXResourcesBuildPhase section */

/* Begin PBXShellScriptBuildPhase section */
		462922FF99DF54528EC9022A /* [CP] Check Pods Manifest.lock */ = {
			isa = PBXShellScriptBuildPhase;
			buildActionMask = 2147483647;
			files = (
			);
			inputFileListPaths = (
			);
			inputPaths = (
				"${PODS_PODFILE_DIR_PATH}/Podfile.lock",
				"${PODS_ROOT}/Manifest.lock",
			);
			name = "[CP] Check Pods Manifest.lock";
			outputFileListPaths = (
			);
			outputPaths = (
				"$(DERIVED_FILE_DIR)/Pods-TodoListTests-checkManifestLockResult.txt",
			);
			runOnlyForDeploymentPostprocessing = 0;
			shellPath = /bin/sh;
			shellScript = "diff \"${PODS_PODFILE_DIR_PATH}/Podfile.lock\" \"${PODS_ROOT}/Manifest.lock\" > /dev/null\nif [ $? != 0 ] ; then\n    # print error to STDERR\n    echo \"error: The sandbox is not in sync with the Podfile.lock. Run 'pod install' or update your CocoaPods installation.\" >&2\n    exit 1\nfi\n# This output is used by Xcode 'outputs' to avoid re-running this script phase.\necho \"SUCCESS\" > \"${SCRIPT_OUTPUT_FILE_0}\"\n";
			showEnvVarsInLog = 0;
		};
		94573B53E4711737F4B89AD3 /* [CP] Check Pods Manifest.lock */ = {
			isa = PBXShellScriptBuildPhase;
			buildActionMask = 2147483647;
			files = (
			);
			inputFileListPaths = (
			);
			inputPaths = (
				"${PODS_PODFILE_DIR_PATH}/Podfile.lock",
				"${PODS_ROOT}/Manifest.lock",
			);
			name = "[CP] Check Pods Manifest.lock";
			outputFileListPaths = (
			);
			outputPaths = (
				"$(DERIVED_FILE_DIR)/Pods-TodoList-checkManifestLockResult.txt",
			);
			runOnlyForDeploymentPostprocessing = 0;
			shellPath = /bin/sh;
			shellScript = "diff \"${PODS_PODFILE_DIR_PATH}/Podfile.lock\" \"${PODS_ROOT}/Manifest.lock\" > /dev/null\nif [ $? != 0 ] ; then\n    # print error to STDERR\n    echo \"error: The sandbox is not in sync with the Podfile.lock. Run 'pod install' or update your CocoaPods installation.\" >&2\n    exit 1\nfi\n# This output is used by Xcode 'outputs' to avoid re-running this script phase.\necho \"SUCCESS\" > \"${SCRIPT_OUTPUT_FILE_0}\"\n";
			showEnvVarsInLog = 0;
		};
		D8BCF7A859D80DF76F2A97F3 /* [CP] Check Pods Manifest.lock */ = {
			isa = PBXShellScriptBuildPhase;
			buildActionMask = 2147483647;
			files = (
			);
			inputFileListPaths = (
			);
			inputPaths = (
				"${PODS_PODFILE_DIR_PATH}/Podfile.lock",
				"${PODS_ROOT}/Manifest.lock",
			);
			name = "[CP] Check Pods Manifest.lock";
			outputFileListPaths = (
			);
			outputPaths = (
				"$(DERIVED_FILE_DIR)/Pods-TodoListUITests-checkManifestLockResult.txt",
			);
			runOnlyForDeploymentPostprocessing = 0;
			shellPath = /bin/sh;
			shellScript = "diff \"${PODS_PODFILE_DIR_PATH}/Podfile.lock\" \"${PODS_ROOT}/Manifest.lock\" > /dev/null\nif [ $? != 0 ] ; then\n    # print error to STDERR\n    echo \"error: The sandbox is not in sync with the Podfile.lock. Run 'pod install' or update your CocoaPods installation.\" >&2\n    exit 1\nfi\n# This output is used by Xcode 'outputs' to avoid re-running this script phase.\necho \"SUCCESS\" > \"${SCRIPT_OUTPUT_FILE_0}\"\n";
			showEnvVarsInLog = 0;
		};
/* End PBXShellScriptBuildPhase section */

/* Begin PBXSourcesBuildPhase section */
		3C00AB8927479626009236CA /* Sources */ = {
			isa = PBXSourcesBuildPhase;
			buildActionMask = 2147483647;
			files = (
				3C4C69ED279C3DE400A96CBD /* StringExtension.swift in Sources */,
				3C00AB9527479626009236CA /* ViewController.swift in Sources */,
				3C00AB9127479626009236CA /* AppDelegate.swift in Sources */,
				3C00ABC4274799F3009236CA /* Task.swift in Sources */,
				3C00AB9327479626009236CA /* SceneDelegate.swift in Sources */,
				3C00ABC627479ABC009236CA /* CustomCell.swift in Sources */,
				3C4C69E62792E60E00A96CBD /* DataProvider.swift in Sources */,
				3C00ABC927479CF0009236CA /* TaskCardCreatorViewController.swift in Sources */,
				3C4C69EB2795CAE600A96CBD /* Date.swift in Sources */,
				3C00AB9B27479626009236CA /* TodoList.xcdatamodeld in Sources */,
			);
			runOnlyForDeploymentPostprocessing = 0;
		};
		3C00ABA22747962B009236CA /* Sources */ = {
			isa = PBXSourcesBuildPhase;
			buildActionMask = 2147483647;
			files = (
				3C4C69EF279D680600A96CBD /* ViewControllerTests.swift in Sources */,
				3C00ABAB2747962B009236CA /* TaskCardCreatorTests.swift in Sources */,
			);
			runOnlyForDeploymentPostprocessing = 0;
		};
		3C00ABAC2747962B009236CA /* Sources */ = {
			isa = PBXSourcesBuildPhase;
			buildActionMask = 2147483647;
			files = (
				3C00ABB72747962B009236CA /* TodoListUITestsLaunchTests.swift in Sources */,
				3C00ABB52747962B009236CA /* TodoListUITests.swift in Sources */,
			);
			runOnlyForDeploymentPostprocessing = 0;
		};
/* End PBXSourcesBuildPhase section */

/* Begin PBXTargetDependency section */
		3C00ABA82747962B009236CA /* PBXTargetDependency */ = {
			isa = PBXTargetDependency;
			target = 3C00AB8C27479626009236CA /* TodoList */;
			targetProxy = 3C00ABA72747962B009236CA /* PBXContainerItemProxy */;
		};
		3C00ABB22747962B009236CA /* PBXTargetDependency */ = {
			isa = PBXTargetDependency;
			target = 3C00AB8C27479626009236CA /* TodoList */;
			targetProxy = 3C00ABB12747962B009236CA /* PBXContainerItemProxy */;
		};
/* End PBXTargetDependency section */

/* Begin PBXVariantGroup section */
		3C00AB9627479626009236CA /* Main.storyboard */ = {
			isa = PBXVariantGroup;
			children = (
				3C00AB9727479626009236CA /* Base */,
			);
			name = Main.storyboard;
			sourceTree = "<group>";
		};
		3C00AB9E2747962A009236CA /* LaunchScreen.storyboard */ = {
			isa = PBXVariantGroup;
			children = (
				3C00AB9F2747962A009236CA /* Base */,
			);
			name = LaunchScreen.storyboard;
			sourceTree = "<group>";
		};
/* End PBXVariantGroup section */

/* Begin XCBuildConfiguration section */
		3C00ABB82747962B009236CA /* Debug */ = {
			isa = XCBuildConfiguration;
			buildSettings = {
				ALWAYS_SEARCH_USER_PATHS = NO;
				CLANG_ANALYZER_NONNULL = YES;
				CLANG_ANALYZER_NUMBER_OBJECT_CONVERSION = YES_AGGRESSIVE;
				CLANG_CXX_LANGUAGE_STANDARD = "gnu++17";
				CLANG_CXX_LIBRARY = "libc++";
				CLANG_ENABLE_MODULES = YES;
				CLANG_ENABLE_OBJC_ARC = YES;
				CLANG_ENABLE_OBJC_WEAK = YES;
				CLANG_WARN_BLOCK_CAPTURE_AUTORELEASING = YES;
				CLANG_WARN_BOOL_CONVERSION = YES;
				CLANG_WARN_COMMA = YES;
				CLANG_WARN_CONSTANT_CONVERSION = YES;
				CLANG_WARN_DEPRECATED_OBJC_IMPLEMENTATIONS = YES;
				CLANG_WARN_DIRECT_OBJC_ISA_USAGE = YES_ERROR;
				CLANG_WARN_DOCUMENTATION_COMMENTS = YES;
				CLANG_WARN_EMPTY_BODY = YES;
				CLANG_WARN_ENUM_CONVERSION = YES;
				CLANG_WARN_INFINITE_RECURSION = YES;
				CLANG_WARN_INT_CONVERSION = YES;
				CLANG_WARN_NON_LITERAL_NULL_CONVERSION = YES;
				CLANG_WARN_OBJC_IMPLICIT_RETAIN_SELF = YES;
				CLANG_WARN_OBJC_LITERAL_CONVERSION = YES;
				CLANG_WARN_OBJC_ROOT_CLASS = YES_ERROR;
				CLANG_WARN_QUOTED_INCLUDE_IN_FRAMEWORK_HEADER = YES;
				CLANG_WARN_RANGE_LOOP_ANALYSIS = YES;
				CLANG_WARN_STRICT_PROTOTYPES = YES;
				CLANG_WARN_SUSPICIOUS_MOVE = YES;
				CLANG_WARN_UNGUARDED_AVAILABILITY = YES_AGGRESSIVE;
				CLANG_WARN_UNREACHABLE_CODE = YES;
				CLANG_WARN__DUPLICATE_METHOD_MATCH = YES;
				COPY_PHASE_STRIP = NO;
				DEBUG_INFORMATION_FORMAT = dwarf;
				ENABLE_STRICT_OBJC_MSGSEND = YES;
				ENABLE_TESTABILITY = YES;
				GCC_C_LANGUAGE_STANDARD = gnu11;
				GCC_DYNAMIC_NO_PIC = NO;
				GCC_NO_COMMON_BLOCKS = YES;
				GCC_OPTIMIZATION_LEVEL = 0;
				GCC_PREPROCESSOR_DEFINITIONS = (
					"DEBUG=1",
					"$(inherited)",
				);
				GCC_WARN_64_TO_32_BIT_CONVERSION = YES;
				GCC_WARN_ABOUT_RETURN_TYPE = YES_ERROR;
				GCC_WARN_UNDECLARED_SELECTOR = YES;
				GCC_WARN_UNINITIALIZED_AUTOS = YES_AGGRESSIVE;
				GCC_WARN_UNUSED_FUNCTION = YES;
				GCC_WARN_UNUSED_VARIABLE = YES;
				IPHONEOS_DEPLOYMENT_TARGET = 13.1;
				MTL_ENABLE_DEBUG_INFO = INCLUDE_SOURCE;
				MTL_FAST_MATH = YES;
				ONLY_ACTIVE_ARCH = YES;
				SDKROOT = iphoneos;
				SWIFT_ACTIVE_COMPILATION_CONDITIONS = DEBUG;
				SWIFT_OPTIMIZATION_LEVEL = "-Onone";
			};
			name = Debug;
		};
		3C00ABB92747962B009236CA /* Release */ = {
			isa = XCBuildConfiguration;
			buildSettings = {
				ALWAYS_SEARCH_USER_PATHS = NO;
				CLANG_ANALYZER_NONNULL = YES;
				CLANG_ANALYZER_NUMBER_OBJECT_CONVERSION = YES_AGGRESSIVE;
				CLANG_CXX_LANGUAGE_STANDARD = "gnu++17";
				CLANG_CXX_LIBRARY = "libc++";
				CLANG_ENABLE_MODULES = YES;
				CLANG_ENABLE_OBJC_ARC = YES;
				CLANG_ENABLE_OBJC_WEAK = YES;
				CLANG_WARN_BLOCK_CAPTURE_AUTORELEASING = YES;
				CLANG_WARN_BOOL_CONVERSION = YES;
				CLANG_WARN_COMMA = YES;
				CLANG_WARN_CONSTANT_CONVERSION = YES;
				CLANG_WARN_DEPRECATED_OBJC_IMPLEMENTATIONS = YES;
				CLANG_WARN_DIRECT_OBJC_ISA_USAGE = YES_ERROR;
				CLANG_WARN_DOCUMENTATION_COMMENTS = YES;
				CLANG_WARN_EMPTY_BODY = YES;
				CLANG_WARN_ENUM_CONVERSION = YES;
				CLANG_WARN_INFINITE_RECURSION = YES;
				CLANG_WARN_INT_CONVERSION = YES;
				CLANG_WARN_NON_LITERAL_NULL_CONVERSION = YES;
				CLANG_WARN_OBJC_IMPLICIT_RETAIN_SELF = YES;
				CLANG_WARN_OBJC_LITERAL_CONVERSION = YES;
				CLANG_WARN_OBJC_ROOT_CLASS = YES_ERROR;
				CLANG_WARN_QUOTED_INCLUDE_IN_FRAMEWORK_HEADER = YES;
				CLANG_WARN_RANGE_LOOP_ANALYSIS = YES;
				CLANG_WARN_STRICT_PROTOTYPES = YES;
				CLANG_WARN_SUSPICIOUS_MOVE = YES;
				CLANG_WARN_UNGUARDED_AVAILABILITY = YES_AGGRESSIVE;
				CLANG_WARN_UNREACHABLE_CODE = YES;
				CLANG_WARN__DUPLICATE_METHOD_MATCH = YES;
				COPY_PHASE_STRIP = NO;
				DEBUG_INFORMATION_FORMAT = "dwarf-with-dsym";
				ENABLE_NS_ASSERTIONS = NO;
				ENABLE_STRICT_OBJC_MSGSEND = YES;
				GCC_C_LANGUAGE_STANDARD = gnu11;
				GCC_NO_COMMON_BLOCKS = YES;
				GCC_WARN_64_TO_32_BIT_CONVERSION = YES;
				GCC_WARN_ABOUT_RETURN_TYPE = YES_ERROR;
				GCC_WARN_UNDECLARED_SELECTOR = YES;
				GCC_WARN_UNINITIALIZED_AUTOS = YES_AGGRESSIVE;
				GCC_WARN_UNUSED_FUNCTION = YES;
				GCC_WARN_UNUSED_VARIABLE = YES;
				IPHONEOS_DEPLOYMENT_TARGET = 13.1;
				MTL_ENABLE_DEBUG_INFO = NO;
				MTL_FAST_MATH = YES;
				SDKROOT = iphoneos;
				SWIFT_COMPILATION_MODE = wholemodule;
				SWIFT_OPTIMIZATION_LEVEL = "-O";
				VALIDATE_PRODUCT = YES;
			};
			name = Release;
		};
		3C00ABBB2747962B009236CA /* Debug */ = {
			isa = XCBuildConfiguration;
			baseConfigurationReference = BF20DC55C33D2B14C659C8E6 /* Pods-TodoList.debug.xcconfig */;
			buildSettings = {
				ASSETCATALOG_COMPILER_APPICON_NAME = AppIcon;
				ASSETCATALOG_COMPILER_GLOBAL_ACCENT_COLOR_NAME = AccentColor;
				CODE_SIGN_STYLE = Automatic;
				CURRENT_PROJECT_VERSION = 1;
				DEVELOPMENT_TEAM = HD2JB83TJJ;
				GENERATE_INFOPLIST_FILE = YES;
				INFOPLIST_FILE = TodoList/Info.plist;
				INFOPLIST_KEY_UIApplicationSupportsIndirectInputEvents = YES;
				INFOPLIST_KEY_UILaunchStoryboardName = LaunchScreen;
				INFOPLIST_KEY_UIMainStoryboardFile = Main;
				INFOPLIST_KEY_UISupportedInterfaceOrientations = UIInterfaceOrientationPortrait;
				INFOPLIST_KEY_UISupportedInterfaceOrientations_iPad = "UIInterfaceOrientationPortrait UIInterfaceOrientationPortraitUpsideDown UIInterfaceOrientationLandscapeLeft UIInterfaceOrientationLandscapeRight";
				INFOPLIST_KEY_UISupportedInterfaceOrientations_iPhone = "UIInterfaceOrientationPortrait UIInterfaceOrientationLandscapeLeft UIInterfaceOrientationLandscapeRight";
				IPHONEOS_DEPLOYMENT_TARGET = 13.0;
				LD_RUNPATH_SEARCH_PATHS = (
					"$(inherited)",
					"@executable_path/Frameworks",
				);
				MARKETING_VERSION = 1.0;
				PRODUCT_BUNDLE_IDENTIFIER = To.Do.List.For.Dan;
				PRODUCT_NAME = "$(TARGET_NAME)";
				SWIFT_EMIT_LOC_STRINGS = YES;
				SWIFT_VERSION = 5.0;
				TARGETED_DEVICE_FAMILY = 1;
			};
			name = Debug;
		};
		3C00ABBC2747962B009236CA /* Release */ = {
			isa = XCBuildConfiguration;
			baseConfigurationReference = CA6775A99FFA76023158CBD8 /* Pods-TodoList.release.xcconfig */;
			buildSettings = {
				ASSETCATALOG_COMPILER_APPICON_NAME = AppIcon;
				ASSETCATALOG_COMPILER_GLOBAL_ACCENT_COLOR_NAME = AccentColor;
				CODE_SIGN_STYLE = Automatic;
				CURRENT_PROJECT_VERSION = 1;
				DEVELOPMENT_TEAM = HD2JB83TJJ;
				GENERATE_INFOPLIST_FILE = YES;
				INFOPLIST_FILE = TodoList/Info.plist;
				INFOPLIST_KEY_UIApplicationSupportsIndirectInputEvents = YES;
				INFOPLIST_KEY_UILaunchStoryboardName = LaunchScreen;
				INFOPLIST_KEY_UIMainStoryboardFile = Main;
				INFOPLIST_KEY_UISupportedInterfaceOrientations = UIInterfaceOrientationPortrait;
				INFOPLIST_KEY_UISupportedInterfaceOrientations_iPad = "UIInterfaceOrientationPortrait UIInterfaceOrientationPortraitUpsideDown UIInterfaceOrientationLandscapeLeft UIInterfaceOrientationLandscapeRight";
				INFOPLIST_KEY_UISupportedInterfaceOrientations_iPhone = "UIInterfaceOrientationPortrait UIInterfaceOrientationLandscapeLeft UIInterfaceOrientationLandscapeRight";
				IPHONEOS_DEPLOYMENT_TARGET = 13.0;
				LD_RUNPATH_SEARCH_PATHS = (
					"$(inherited)",
					"@executable_path/Frameworks",
				);
				MARKETING_VERSION = 1.0;
				PRODUCT_BUNDLE_IDENTIFIER = To.Do.List.For.Dan;
				PRODUCT_NAME = "$(TARGET_NAME)";
				SWIFT_EMIT_LOC_STRINGS = YES;
				SWIFT_VERSION = 5.0;
				TARGETED_DEVICE_FAMILY = 1;
			};
			name = Release;
		};
		3C00ABBE2747962B009236CA /* Debug */ = {
			isa = XCBuildConfiguration;
			baseConfigurationReference = 831D0645DB7CE1E366345D09 /* Pods-TodoListTests.debug.xcconfig */;
			buildSettings = {
				ALWAYS_EMBED_SWIFT_STANDARD_LIBRARIES = YES;
				BUNDLE_LOADER = "$(TEST_HOST)";
				"CODE_SIGN_IDENTITY[sdk=macosx*]" = "Apple Development";
				CODE_SIGN_STYLE = Automatic;
				CURRENT_PROJECT_VERSION = 1;
				DEVELOPMENT_TEAM = HD2JB83TJJ;
				GENERATE_INFOPLIST_FILE = YES;
				IPHONEOS_DEPLOYMENT_TARGET = 13.1;
				LD_RUNPATH_SEARCH_PATHS = (
					"$(inherited)",
					"@executable_path/Frameworks",
					"@loader_path/Frameworks",
				);
				MARKETING_VERSION = 1.0;
				PRODUCT_BUNDLE_IDENTIFIER = To.Do.List.For.Dan.Tests;
				PRODUCT_NAME = "$(TARGET_NAME)";
				SWIFT_EMIT_LOC_STRINGS = NO;
				SWIFT_VERSION = 5.0;
				TARGETED_DEVICE_FAMILY = 1;
				TEST_HOST = "$(BUILT_PRODUCTS_DIR)/TodoList.app/TodoList";
			};
			name = Debug;
		};
		3C00ABBF2747962B009236CA /* Release */ = {
			isa = XCBuildConfiguration;
			baseConfigurationReference = AACBF7510EDA0E9BA88A1FEA /* Pods-TodoListTests.release.xcconfig */;
			buildSettings = {
				ALWAYS_EMBED_SWIFT_STANDARD_LIBRARIES = YES;
				BUNDLE_LOADER = "$(TEST_HOST)";
				"CODE_SIGN_IDENTITY[sdk=macosx*]" = "Apple Development";
				CODE_SIGN_STYLE = Automatic;
				CURRENT_PROJECT_VERSION = 1;
				DEVELOPMENT_TEAM = HD2JB83TJJ;
				GENERATE_INFOPLIST_FILE = YES;
				IPHONEOS_DEPLOYMENT_TARGET = 13.1;
				LD_RUNPATH_SEARCH_PATHS = (
					"$(inherited)",
					"@executable_path/Frameworks",
					"@loader_path/Frameworks",
				);
				MARKETING_VERSION = 1.0;
				PRODUCT_BUNDLE_IDENTIFIER = To.Do.List.For.Dan.Tests;
				PRODUCT_NAME = "$(TARGET_NAME)";
				SWIFT_EMIT_LOC_STRINGS = NO;
				SWIFT_VERSION = 5.0;
				TARGETED_DEVICE_FAMILY = 1;
				TEST_HOST = "$(BUILT_PRODUCTS_DIR)/TodoList.app/TodoList";
			};
			name = Release;
		};
		3C00ABC12747962B009236CA /* Debug */ = {
			isa = XCBuildConfiguration;
			baseConfigurationReference = 7F52E7E5491AF06372DAC42B /* Pods-TodoListUITests.debug.xcconfig */;
			buildSettings = {
				ALWAYS_EMBED_SWIFT_STANDARD_LIBRARIES = YES;
				"CODE_SIGN_IDENTITY[sdk=macosx*]" = "-";
				CODE_SIGN_STYLE = Automatic;
				CURRENT_PROJECT_VERSION = 1;
				DEVELOPMENT_TEAM = HD2JB83TJJ;
				GENERATE_INFOPLIST_FILE = YES;
				LD_RUNPATH_SEARCH_PATHS = (
					"$(inherited)",
					"@executable_path/Frameworks",
					"@loader_path/Frameworks",
				);
				MARKETING_VERSION = 1.0;
				PRODUCT_BUNDLE_IDENTIFIER = To.Do.List.For.Dan.UITests;
				PRODUCT_NAME = "$(TARGET_NAME)";
				SWIFT_EMIT_LOC_STRINGS = NO;
				SWIFT_VERSION = 5.0;
				TARGETED_DEVICE_FAMILY = "1,2";
				TEST_TARGET_NAME = TodoList;
			};
			name = Debug;
		};
		3C00ABC22747962B009236CA /* Release */ = {
			isa = XCBuildConfiguration;
			baseConfigurationReference = 97A7DCA86D2669F77B940A27 /* Pods-TodoListUITests.release.xcconfig */;
			buildSettings = {
				ALWAYS_EMBED_SWIFT_STANDARD_LIBRARIES = YES;
				"CODE_SIGN_IDENTITY[sdk=macosx*]" = "-";
				CODE_SIGN_STYLE = Automatic;
				CURRENT_PROJECT_VERSION = 1;
				DEVELOPMENT_TEAM = HD2JB83TJJ;
				GENERATE_INFOPLIST_FILE = YES;
				LD_RUNPATH_SEARCH_PATHS = (
					"$(inherited)",
					"@executable_path/Frameworks",
					"@loader_path/Frameworks",
				);
				MARKETING_VERSION = 1.0;
				PRODUCT_BUNDLE_IDENTIFIER = To.Do.List.For.Dan.UITests;
				PRODUCT_NAME = "$(TARGET_NAME)";
				SWIFT_EMIT_LOC_STRINGS = NO;
				SWIFT_VERSION = 5.0;
				TARGETED_DEVICE_FAMILY = "1,2";
				TEST_TARGET_NAME = TodoList;
			};
			name = Release;
		};
/* End XCBuildConfiguration section */

/* Begin XCConfigurationList section */
		3C00AB8827479626009236CA /* Build configuration list for PBXProject "TodoList" */ = {
			isa = XCConfigurationList;
			buildConfigurations = (
				3C00ABB82747962B009236CA /* Debug */,
				3C00ABB92747962B009236CA /* Release */,
			);
			defaultConfigurationIsVisible = 0;
			defaultConfigurationName = Release;
		};
		3C00ABBA2747962B009236CA /* Build configuration list for PBXNativeTarget "TodoList" */ = {
			isa = XCConfigurationList;
			buildConfigurations = (
				3C00ABBB2747962B009236CA /* Debug */,
				3C00ABBC2747962B009236CA /* Release */,
			);
			defaultConfigurationIsVisible = 0;
			defaultConfigurationName = Release;
		};
		3C00ABBD2747962B009236CA /* Build configuration list for PBXNativeTarget "TodoListTests" */ = {
			isa = XCConfigurationList;
			buildConfigurations = (
				3C00ABBE2747962B009236CA /* Debug */,
				3C00ABBF2747962B009236CA /* Release */,
			);
			defaultConfigurationIsVisible = 0;
			defaultConfigurationName = Release;
		};
		3C00ABC02747962B009236CA /* Build configuration list for PBXNativeTarget "TodoListUITests" */ = {
			isa = XCConfigurationList;
			buildConfigurations = (
				3C00ABC12747962B009236CA /* Debug */,
				3C00ABC22747962B009236CA /* Release */,
			);
			defaultConfigurationIsVisible = 0;
			defaultConfigurationName = Release;
		};
/* End XCConfigurationList section */

/* Begin XCVersionGroup section */
		3C00AB9927479626009236CA /* TodoList.xcdatamodeld */ = {
			isa = XCVersionGroup;
			children = (
				3C00AB9A27479626009236CA /* TodoList.xcdatamodel */,
			);
			currentVersion = 3C00AB9A27479626009236CA /* TodoList.xcdatamodel */;
			path = TodoList.xcdatamodeld;
			sourceTree = "<group>";
			versionGroupType = wrapper.xcdatamodel;
		};
/* End XCVersionGroup section */
	};
	rootObject = 3C00AB8527479626009236CA /* Project object */;
}
